
Microsoft Visual Studio Solution File, Format Version 12.00
Project("{FAE04EC0-301F-11D3-BF4B-00C04F79EFBC}") = "Lab31", "Lab31\Lab31.csproj", "{F8448DF3-A0E2-40AC-9E09-43D94C5F96D2}"
EndProject
Global
	GlobalSection(SolutionConfigurationPlatforms) = preSolution
		Debug|Any CPU = Debug|Any CPU
		Release|Any CPU = Release|Any CPU
	EndGlobalSection
	GlobalSection(ProjectConfigurationPlatforms) = postSolution
		{F8448DF3-A0E2-40AC-9E09-43D94C5F96D2}.Debug|Any CPU.ActiveCfg = Debug|Any CPU
		{F8448DF3-A0E2-40AC-9E09-43D94C5F96D2}.Debug|Any CPU.Build.0 = Debug|Any CPU
		{F8448DF3-A0E2-40AC-9E09-43D94C5F96D2}.Release|Any CPU.ActiveCfg = Release|Any CPU
		{F8448DF3-A0E2-40AC-9E09-43D94C5F96D2}.Release|Any CPU.Build.0 = Release|Any CPU
	EndGlobalSection
EndGlobal
