
Microsoft Visual Studio Solution File, Format Version 12.00
Project("{FAE04EC0-301F-11D3-BF4B-00C04F79EFBC}") = "Lab33", "Lab33\Lab33.csproj", "{F8E53D51-7D7F-4FA6-AD0A-EE82095490C7}"
EndProject
Global
	GlobalSection(SolutionConfigurationPlatforms) = preSolution
		Debug|Any CPU = Debug|Any CPU
		Release|Any CPU = Release|Any CPU
	EndGlobalSection
	GlobalSection(ProjectConfigurationPlatforms) = postSolution
		{F8E53D51-7D7F-4FA6-AD0A-EE82095490C7}.Debug|Any CPU.ActiveCfg = Debug|Any CPU
		{F8E53D51-7D7F-4FA6-AD0A-EE82095490C7}.Debug|Any CPU.Build.0 = Debug|Any CPU
		{F8E53D51-7D7F-4FA6-AD0A-EE82095490C7}.Release|Any CPU.ActiveCfg = Release|Any CPU
		{F8E53D51-7D7F-4FA6-AD0A-EE82095490C7}.Release|Any CPU.Build.0 = Release|Any CPU
	EndGlobalSection
EndGlobal
